
Microsoft Visual Studio Solution File, Format Version 12.00
# Visual Studio Version 17
VisualStudioVersion = 17.10.35027.167
MinimumVisualStudioVersion = 10.0.40219.1
Project("{FAE04EC0-301F-11D3-BF4B-00C04F79EFBC}") = "WebApplication1", "WebApplication1.csproj", "{13621BF6-54E1-4D8C-B0E3-0D5BE097C010}"
EndProject
Global
	GlobalSection(SolutionConfigurationPlatforms) = preSolution
		Debug|Any CPU = Debug|Any CPU
		Release|Any CPU = Release|Any CPU
	EndGlobalSection
	GlobalSection(ProjectConfigurationPlatforms) = postSolution
		{13621BF6-54E1-4D8C-B0E3-0D5BE097C010}.Debug|Any CPU.ActiveCfg = Debug|Any CPU
		{13621BF6-54E1-4D8C-B0E3-0D5BE097C010}.Debug|Any CPU.Build.0 = Debug|Any CPU
		{13621BF6-54E1-4D8C-B0E3-0D5BE097C010}.Release|Any CPU.ActiveCfg = Release|Any CPU
		{13621BF6-54E1-4D8C-B0E3-0D5BE097C010}.Release|Any CPU.Build.0 = Release|Any CPU
	EndGlobalSection
	GlobalSection(SolutionProperties) = preSolution
		HideSolutionNode = FALSE
	EndGlobalSection
	GlobalSection(ExtensibilityGlobals) = postSolution
		SolutionGuid = {7BACE2D9-7D93-4EE7-9289-BB53157F5D5E}
	EndGlobalSection
EndGlobal
